// !$*UTF8*$!
{
	archiveVersion = 1;
	classes = {
	};
	objectVersion = 77;
	objects = {

/* Begin PBXBuildFile section */
		F146F95C2CDAF5270018E874 /* ListDestinationTableViewCell.xib in Resources */ = {isa = PBXBuildFile; fileRef = F146F94E2CDAF5270018E874 /* ListDestinationTableViewCell.xib */; };
		F146F95D2CDAF5270018E874 /* RecommendationTableViewCell.xib in Resources */ = {isa = PBXBuildFile; fileRef = F146F9502CDAF5270018E874 /* RecommendationTableViewCell.xib */; };
		F146F95E2CDAF5270018E874 /* LaunchScreen.storyboard in Resources */ = {isa = PBXBuildFile; fileRef = F146F9532CDAF5270018E874 /* LaunchScreen.storyboard */; };
		F146F95F2CDAF5270018E874 /* Main.storyboard in Resources */ = {isa = PBXBuildFile; fileRef = F146F9552CDAF5270018E874 /* Main.storyboard */; };
		F146F9602CDAF5270018E874 /* Assets.xcassets in Resources */ = {isa = PBXBuildFile; fileRef = F146F9582CDAF5270018E874 /* Assets.xcassets */; };
		F146F9622CDAF5270018E874 /* DetailViewController.swift in Sources */ = {isa = PBXBuildFile; fileRef = F146F9452CDAF5270018E874 /* DetailViewController.swift */; };
		F146F9632CDAF5270018E874 /* ListDestinationViewController.swift in Sources */ = {isa = PBXBuildFile; fileRef = F146F9462CDAF5270018E874 /* ListDestinationViewController.swift */; };
		F146F9642CDAF5270018E874 /* RecommendationViewController.swift in Sources */ = {isa = PBXBuildFile; fileRef = F146F9472CDAF5270018E874 /* RecommendationViewController.swift */; };
		F146F9652CDAF5270018E874 /* APIModel.swift in Sources */ = {isa = PBXBuildFile; fileRef = F146F9492CDAF5270018E874 /* APIModel.swift */; };
		F146F9662CDAF5270018E874 /* DataModel.swift in Sources */ = {isa = PBXBuildFile; fileRef = F146F94A2CDAF5270018E874 /* DataModel.swift */; };
		F146F9672CDAF5270018E874 /* ImageDownloaded.swift in Sources */ = {isa = PBXBuildFile; fileRef = F146F94B2CDAF5270018E874 /* ImageDownloaded.swift */; };
		F146F9682CDAF5270018E874 /* ListDestinationTableViewCell.swift in Sources */ = {isa = PBXBuildFile; fileRef = F146F94D2CDAF5270018E874 /* ListDestinationTableViewCell.swift */; };
		F146F9692CDAF5270018E874 /* RecommendationTableViewCell.swift in Sources */ = {isa = PBXBuildFile; fileRef = F146F94F2CDAF5270018E874 /* RecommendationTableViewCell.swift */; };
		F146F96A2CDAF5270018E874 /* AppDelegate.swift in Sources */ = {isa = PBXBuildFile; fileRef = F146F9572CDAF5270018E874 /* AppDelegate.swift */; };
		F146F96B2CDAF5270018E874 /* SceneDelegate.swift in Sources */ = {isa = PBXBuildFile; fileRef = F146F95A2CDAF5270018E874 /* SceneDelegate.swift */; };
/* End PBXBuildFile section */

/* Begin PBXFileReference section */
		F146F9452CDAF5270018E874 /* DetailViewController.swift */ = {isa = PBXFileReference; lastKnownFileType = sourcecode.swift; path = DetailViewController.swift; sourceTree = "<group>"; };
		F146F9462CDAF5270018E874 /* ListDestinationViewController.swift */ = {isa = PBXFileReference; lastKnownFileType = sourcecode.swift; path = ListDestinationViewController.swift; sourceTree = "<group>"; };
		F146F9472CDAF5270018E874 /* RecommendationViewController.swift */ = {isa = PBXFileReference; lastKnownFileType = sourcecode.swift; path = RecommendationViewController.swift; sourceTree = "<group>"; };
		F146F9492CDAF5270018E874 /* APIModel.swift */ = {isa = PBXFileReference; lastKnownFileType = sourcecode.swift; path = APIModel.swift; sourceTree = "<group>"; };
		F146F94A2CDAF5270018E874 /* DataModel.swift */ = {isa = PBXFileReference; lastKnownFileType = sourcecode.swift; path = DataModel.swift; sourceTree = "<group>"; };
		F146F94B2CDAF5270018E874 /* ImageDownloaded.swift */ = {isa = PBXFileReference; lastKnownFileType = sourcecode.swift; path = ImageDownloaded.swift; sourceTree = "<group>"; };
		F146F94D2CDAF5270018E874 /* ListDestinationTableViewCell.swift */ = {isa = PBXFileReference; lastKnownFileType = sourcecode.swift; path = ListDestinationTableViewCell.swift; sourceTree = "<group>"; };
		F146F94E2CDAF5270018E874 /* ListDestinationTableViewCell.xib */ = {isa = PBXFileReference; lastKnownFileType = file.xib; path = ListDestinationTableViewCell.xib; sourceTree = "<group>"; };
		F146F94F2CDAF5270018E874 /* RecommendationTableViewCell.swift */ = {isa = PBXFileReference; lastKnownFileType = sourcecode.swift; path = RecommendationTableViewCell.swift; sourceTree = "<group>"; };
		F146F9502CDAF5270018E874 /* RecommendationTableViewCell.xib */ = {isa = PBXFileReference; lastKnownFileType = file.xib; path = RecommendationTableViewCell.xib; sourceTree = "<group>"; };
		F146F9522CDAF5270018E874 /* Base */ = {isa = PBXFileReference; lastKnownFileType = file.storyboard; name = Base; path = Base.lproj/LaunchScreen.storyboard; sourceTree = "<group>"; };
		F146F9542CDAF5270018E874 /* Base */ = {isa = PBXFileReference; lastKnownFileType = file.storyboard; name = Base; path = Base.lproj/Main.storyboard; sourceTree = "<group>"; };
		F146F9572CDAF5270018E874 /* AppDelegate.swift */ = {isa = PBXFileReference; lastKnownFileType = sourcecode.swift; path = AppDelegate.swift; sourceTree = "<group>"; };
		F146F9582CDAF5270018E874 /* Assets.xcassets */ = {isa = PBXFileReference; lastKnownFileType = folder.assetcatalog; path = Assets.xcassets; sourceTree = "<group>"; };
		F146F9592CDAF5270018E874 /* Info.plist */ = {isa = PBXFileReference; lastKnownFileType = text.plist.xml; path = Info.plist; sourceTree = "<group>"; };
		F146F95A2CDAF5270018E874 /* SceneDelegate.swift */ = {isa = PBXFileReference; lastKnownFileType = sourcecode.swift; path = SceneDelegate.swift; sourceTree = "<group>"; };
		F15E8AD72CDA492000CEEF78 /* Destination App.app */ = {isa = PBXFileReference; explicitFileType = wrapper.application; includeInIndex = 0; path = "Destination App.app"; sourceTree = BUILT_PRODUCTS_DIR; };
/* End PBXFileReference section */

/* Begin PBXFrameworksBuildPhase section */
		F15E8AD42CDA492000CEEF78 /* Frameworks */ = {
			isa = PBXFrameworksBuildPhase;
			buildActionMask = 2147483647;
			files = (
			);
			runOnlyForDeploymentPostprocessing = 0;
		};
/* End PBXFrameworksBuildPhase section */

/* Begin PBXGroup section */
		F146F9482CDAF5270018E874 /* Controllers */ = {
			isa = PBXGroup;
			children = (
				F146F9452CDAF5270018E874 /* DetailViewController.swift */,
				F146F9462CDAF5270018E874 /* ListDestinationViewController.swift */,
				F146F9472CDAF5270018E874 /* RecommendationViewController.swift */,
			);
			path = Controllers;
			sourceTree = "<group>";
		};
		F146F94C2CDAF5270018E874 /* Model */ = {
			isa = PBXGroup;
			children = (
				F146F9492CDAF5270018E874 /* APIModel.swift */,
				F146F94A2CDAF5270018E874 /* DataModel.swift */,
				F146F94B2CDAF5270018E874 /* ImageDownloaded.swift */,
			);
			path = Model;
			sourceTree = "<group>";
		};
		F146F9512CDAF5270018E874 /* Supporting FIles */ = {
			isa = PBXGroup;
			children = (
				F146F94D2CDAF5270018E874 /* ListDestinationTableViewCell.swift */,
				F146F94E2CDAF5270018E874 /* ListDestinationTableViewCell.xib */,
				F146F94F2CDAF5270018E874 /* RecommendationTableViewCell.swift */,
				F146F9502CDAF5270018E874 /* RecommendationTableViewCell.xib */,
			);
			path = "Supporting FIles";
			sourceTree = "<group>";
		};
		F146F9562CDAF5270018E874 /* View */ = {
			isa = PBXGroup;
			children = (
				F146F9532CDAF5270018E874 /* LaunchScreen.storyboard */,
				F146F9552CDAF5270018E874 /* Main.storyboard */,
			);
			path = View;
			sourceTree = "<group>";
		};
		F146F95B2CDAF5270018E874 /* Destination App */ = {
			isa = PBXGroup;
			children = (
				F146F9482CDAF5270018E874 /* Controllers */,
				F146F94C2CDAF5270018E874 /* Model */,
				F146F9512CDAF5270018E874 /* Supporting FIles */,
				F146F9562CDAF5270018E874 /* View */,
				F146F9572CDAF5270018E874 /* AppDelegate.swift */,
				F146F9582CDAF5270018E874 /* Assets.xcassets */,
				F146F9592CDAF5270018E874 /* Info.plist */,
				F146F95A2CDAF5270018E874 /* SceneDelegate.swift */,
			);
			path = "Destination App";
			sourceTree = "<group>";
		};
		F15E8ACE2CDA492000CEEF78 = {
			isa = PBXGroup;
			children = (
				F146F95B2CDAF5270018E874 /* Destination App */,
				F15E8AD82CDA492000CEEF78 /* Products */,
			);
			sourceTree = "<group>";
		};
		F15E8AD82CDA492000CEEF78 /* Products */ = {
			isa = PBXGroup;
			children = (
				F15E8AD72CDA492000CEEF78 /* Destination App.app */,
			);
			name = Products;
			sourceTree = "<group>";
		};
/* End PBXGroup section */

/* Begin PBXNativeTarget section */
		F15E8AD62CDA492000CEEF78 /* Destination App */ = {
			isa = PBXNativeTarget;
			buildConfigurationList = F15E8AEA2CDA492200CEEF78 /* Build configuration list for PBXNativeTarget "Destination App" */;
			buildPhases = (
				F15E8AD32CDA492000CEEF78 /* Sources */,
				F15E8AD42CDA492000CEEF78 /* Frameworks */,
				F15E8AD52CDA492000CEEF78 /* Resources */,
			);
			buildRules = (
			);
			dependencies = (
			);
			name = "Destination App";
			packageProductDependencies = (
			);
			productName = "Destination App";
			productReference = F15E8AD72CDA492000CEEF78 /* Destination App.app */;
			productType = "com.apple.product-type.application";
		};
/* End PBXNativeTarget section */

/* Begin PBXProject section */
		F15E8ACF2CDA492000CEEF78 /* Project object */ = {
			isa = PBXProject;
			attributes = {
				BuildIndependentTargetsInParallel = 1;
				LastSwiftUpdateCheck = 1600;
				LastUpgradeCheck = 1600;
				TargetAttributes = {
					F15E8AD62CDA492000CEEF78 = {
						CreatedOnToolsVersion = 16.0;
					};
				};
			};
			buildConfigurationList = F15E8AD22CDA492000CEEF78 /* Build configuration list for PBXProject "Destination App" */;
			developmentRegion = en;
			hasScannedForEncodings = 0;
			knownRegions = (
				en,
				Base,
			);
			mainGroup = F15E8ACE2CDA492000CEEF78;
			minimizedProjectReferenceProxies = 1;
			preferredProjectObjectVersion = 77;
			productRefGroup = F15E8AD82CDA492000CEEF78 /* Products */;
			projectDirPath = "";
			projectRoot = "";
			targets = (
				F15E8AD62CDA492000CEEF78 /* Destination App */,
			);
		};
/* End PBXProject section */

/* Begin PBXResourcesBuildPhase section */
		F15E8AD52CDA492000CEEF78 /* Resources */ = {
			isa = PBXResourcesBuildPhase;
			buildActionMask = 2147483647;
			files = (
				F146F95C2CDAF5270018E874 /* ListDestinationTableViewCell.xib in Resources */,
				F146F95D2CDAF5270018E874 /* RecommendationTableViewCell.xib in Resources */,
				F146F95E2CDAF5270018E874 /* LaunchScreen.storyboard in Resources */,
				F146F95F2CDAF5270018E874 /* Main.storyboard in Resources */,
				F146F9602CDAF5270018E874 /* Assets.xcassets in Resources */,
			);
			runOnlyForDeploymentPostprocessing = 0;
		};
/* End PBXResourcesBuildPhase section */

/* Begin PBXSourcesBuildPhase section */
		F15E8AD32CDA492000CEEF78 /* Sources */ = {
			isa = PBXSourcesBuildPhase;
			buildActionMask = 2147483647;
			files = (
				F146F9622CDAF5270018E874 /* DetailViewController.swift in Sources */,
				F146F9632CDAF5270018E874 /* ListDestinationViewController.swift in Sources */,
				F146F9642CDAF5270018E874 /* RecommendationViewController.swift in Sources */,
				F146F9652CDAF5270018E874 /* APIModel.swift in Sources */,
				F146F9662CDAF5270018E874 /* DataModel.swift in Sources */,
				F146F9672CDAF5270018E874 /* ImageDownloaded.swift in Sources */,
				F146F9682CDAF5270018E874 /* ListDestinationTableViewCell.swift in Sources */,
				F146F9692CDAF5270018E874 /* RecommendationTableViewCell.swift in Sources */,
				F146F96A2CDAF5270018E874 /* AppDelegate.swift in Sources */,
				F146F96B2CDAF5270018E874 /* SceneDelegate.swift in Sources */,
			);
			runOnlyForDeploymentPostprocessing = 0;
		};
/* End PBXSourcesBuildPhase section */

/* Begin PBXVariantGroup section */
		F146F9532CDAF5270018E874 /* LaunchScreen.storyboard */ = {
			isa = PBXVariantGroup;
			children = (
				F146F9522CDAF5270018E874 /* Base */,
			);
			name = LaunchScreen.storyboard;
			sourceTree = "<group>";
		};
		F146F9552CDAF5270018E874 /* Main.storyboard */ = {
			isa = PBXVariantGroup;
			children = (
				F146F9542CDAF5270018E874 /* Base */,
			);
			name = Main.storyboard;
			sourceTree = "<group>";
		};
/* End PBXVariantGroup section */

/* Begin XCBuildConfiguration section */
		F15E8AEB2CDA492200CEEF78 /* Debug */ = {
			isa = XCBuildConfiguration;
			buildSettings = {
				ASSETCATALOG_COMPILER_APPICON_NAME = AppIcon;
				ASSETCATALOG_COMPILER_GLOBAL_ACCENT_COLOR_NAME = AccentColor;
				CODE_SIGN_STYLE = Automatic;
				CURRENT_PROJECT_VERSION = 1;
				DEVELOPMENT_TEAM = J392RR49WK;
				GENERATE_INFOPLIST_FILE = YES;
				INFOPLIST_FILE = "Destination App/Info.plist";
				INFOPLIST_KEY_UIApplicationSupportsIndirectInputEvents = YES;
				INFOPLIST_KEY_UILaunchStoryboardName = LaunchScreen;
				INFOPLIST_KEY_UIMainStoryboardFile = Main;
				INFOPLIST_KEY_UISupportedInterfaceOrientations_iPad = "UIInterfaceOrientationPortrait UIInterfaceOrientationPortraitUpsideDown UIInterfaceOrientationLandscapeLeft UIInterfaceOrientationLandscapeRight";
				INFOPLIST_KEY_UISupportedInterfaceOrientations_iPhone = "UIInterfaceOrientationPortrait UIInterfaceOrientationLandscapeLeft UIInterfaceOrientationLandscapeRight";
				IPHONEOS_DEPLOYMENT_TARGET = 13.0;
				LD_RUNPATH_SEARCH_PATHS = (
					"$(inherited)",
					"@executable_path/Frameworks",
				);
				MARKETING_VERSION = 1.0;
				PRODUCT_BUNDLE_IDENTIFIER = "com.septian.Destination-App";
				PRODUCT_NAME = "$(TARGET_NAME)";
				SWIFT_EMIT_LOC_STRINGS = YES;
				SWIFT_VERSION = 5.0;
				TARGETED_DEVICE_FAMILY = "1,2";
			};
			name = Debug;
		};
		F15E8AEC2CDA492200CEEF78 /* Release */ = {
			isa = XCBuildConfiguration;
			buildSettings = {
				ASSETCATALOG_COMPILER_APPICON_NAME = AppIcon;
				ASSETCATALOG_COMPILER_GLOBAL_ACCENT_COLOR_NAME = AccentColor;
				CODE_SIGN_STYLE = Automatic;
				CURRENT_PROJECT_VERSION = 1;
				DEVELOPMENT_TEAM = J392RR49WK;
				GENERATE_INFOPLIST_FILE = YES;
				INFOPLIST_FILE = "Destination App/Info.plist";
				INFOPLIST_KEY_UIApplicationSupportsIndirectInputEvents = YES;
				INFOPLIST_KEY_UILaunchStoryboardName = LaunchScreen;
				INFOPLIST_KEY_UIMainStoryboardFile = Main;
				INFOPLIST_KEY_UISupportedInterfaceOrientations_iPad = "UIInterfaceOrientationPortrait UIInterfaceOrientationPortraitUpsideDown UIInterfaceOrientationLandscapeLeft UIInterfaceOrientationLandscapeRight";
				INFOPLIST_KEY_UISupportedInterfaceOrientations_iPhone = "UIInterfaceOrientationPortrait UIInterfaceOrientationLandscapeLeft UIInterfaceOrientationLandscapeRight";
				IPHONEOS_DEPLOYMENT_TARGET = 13.0;
				LD_RUNPATH_SEARCH_PATHS = (
					"$(inherited)",
					"@executable_path/Frameworks",
				);
				MARKETING_VERSION = 1.0;
				PRODUCT_BUNDLE_IDENTIFIER = "com.septian.Destination-App";
				PRODUCT_NAME = "$(TARGET_NAME)";
				SWIFT_EMIT_LOC_STRINGS = YES;
				SWIFT_VERSION = 5.0;
				TARGETED_DEVICE_FAMILY = "1,2";
			};
			name = Release;
		};
		F15E8AED2CDA492200CEEF78 /* Debug */ = {
			isa = XCBuildConfiguration;
			buildSettings = {
				ALWAYS_SEARCH_USER_PATHS = NO;
				ASSETCATALOG_COMPILER_GENERATE_SWIFT_ASSET_SYMBOL_EXTENSIONS = YES;
				CLANG_ANALYZER_NONNULL = YES;
				CLANG_ANALYZER_NUMBER_OBJECT_CONVERSION = YES_AGGRESSIVE;
				CLANG_CXX_LANGUAGE_STANDARD = "gnu++20";
				CLANG_ENABLE_MODULES = YES;
				CLANG_ENABLE_OBJC_ARC = YES;
				CLANG_ENABLE_OBJC_WEAK = YES;
				CLANG_WARN_BLOCK_CAPTURE_AUTORELEASING = YES;
				CLANG_WARN_BOOL_CONVERSION = YES;
				CLANG_WARN_COMMA = YES;
				CLANG_WARN_CONSTANT_CONVERSION = YES;
				CLANG_WARN_DEPRECATED_OBJC_IMPLEMENTATIONS = YES;
				CLANG_WARN_DIRECT_OBJC_ISA_USAGE = YES_ERROR;
				CLANG_WARN_DOCUMENTATION_COMMENTS = YES;
				CLANG_WARN_EMPTY_BODY = YES;
				CLANG_WARN_ENUM_CONVERSION = YES;
				CLANG_WARN_INFINITE_RECURSION = YES;
				CLANG_WARN_INT_CONVERSION = YES;
				CLANG_WARN_NON_LITERAL_NULL_CONVERSION = YES;
				CLANG_WARN_OBJC_IMPLICIT_RETAIN_SELF = YES;
				CLANG_WARN_OBJC_LITERAL_CONVERSION = YES;
				CLANG_WARN_OBJC_ROOT_CLASS = YES_ERROR;
				CLANG_WARN_QUOTED_INCLUDE_IN_FRAMEWORK_HEADER = YES;
				CLANG_WARN_RANGE_LOOP_ANALYSIS = YES;
				CLANG_WARN_STRICT_PROTOTYPES = YES;
				CLANG_WARN_SUSPICIOUS_MOVE = YES;
				CLANG_WARN_UNGUARDED_AVAILABILITY = YES_AGGRESSIVE;
				CLANG_WARN_UNREACHABLE_CODE = YES;
				CLANG_WARN__DUPLICATE_METHOD_MATCH = YES;
				COPY_PHASE_STRIP = NO;
				DEBUG_INFORMATION_FORMAT = dwarf;
				ENABLE_STRICT_OBJC_MSGSEND = YES;
				ENABLE_TESTABILITY = YES;
				ENABLE_USER_SCRIPT_SANDBOXING = YES;
				GCC_C_LANGUAGE_STANDARD = gnu17;
				GCC_DYNAMIC_NO_PIC = NO;
				GCC_NO_COMMON_BLOCKS = YES;
				GCC_OPTIMIZATION_LEVEL = 0;
				GCC_PREPROCESSOR_DEFINITIONS = (
					"DEBUG=1",
					"$(inherited)",
				);
				GCC_WARN_64_TO_32_BIT_CONVERSION = YES;
				GCC_WARN_ABOUT_RETURN_TYPE = YES_ERROR;
				GCC_WARN_UNDECLARED_SELECTOR = YES;
				GCC_WARN_UNINITIALIZED_AUTOS = YES_AGGRESSIVE;
				GCC_WARN_UNUSED_FUNCTION = YES;
				GCC_WARN_UNUSED_VARIABLE = YES;
				IPHONEOS_DEPLOYMENT_TARGET = 18.0;
				LOCALIZATION_PREFERS_STRING_CATALOGS = YES;
				MTL_ENABLE_DEBUG_INFO = INCLUDE_SOURCE;
				MTL_FAST_MATH = YES;
				ONLY_ACTIVE_ARCH = YES;
				SDKROOT = iphoneos;
				SWIFT_ACTIVE_COMPILATION_CONDITIONS = "DEBUG $(inherited)";
				SWIFT_OPTIMIZATION_LEVEL = "-Onone";
			};
			name = Debug;
		};
		F15E8AEE2CDA492200CEEF78 /* Release */ = {
			isa = XCBuildConfiguration;
			buildSettings = {
				ALWAYS_SEARCH_USER_PATHS = NO;
				ASSETCATALOG_COMPILER_GENERATE_SWIFT_ASSET_SYMBOL_EXTENSIONS = YES;
				CLANG_ANALYZER_NONNULL = YES;
				CLANG_ANALYZER_NUMBER_OBJECT_CONVERSION = YES_AGGRESSIVE;
				CLANG_CXX_LANGUAGE_STANDARD = "gnu++20";
				CLANG_ENABLE_MODULES = YES;
				CLANG_ENABLE_OBJC_ARC = YES;
				CLANG_ENABLE_OBJC_WEAK = YES;
				CLANG_WARN_BLOCK_CAPTURE_AUTORELEASING = YES;
				CLANG_WARN_BOOL_CONVERSION = YES;
				CLANG_WARN_COMMA = YES;
				CLANG_WARN_CONSTANT_CONVERSION = YES;
				CLANG_WARN_DEPRECATED_OBJC_IMPLEMENTATIONS = YES;
				CLANG_WARN_DIRECT_OBJC_ISA_USAGE = YES_ERROR;
				CLANG_WARN_DOCUMENTATION_COMMENTS = YES;
				CLANG_WARN_EMPTY_BODY = YES;
				CLANG_WARN_ENUM_CONVERSION = YES;
				CLANG_WARN_INFINITE_RECURSION = YES;
				CLANG_WARN_INT_CONVERSION = YES;
				CLANG_WARN_NON_LITERAL_NULL_CONVERSION = YES;
				CLANG_WARN_OBJC_IMPLICIT_RETAIN_SELF = YES;
				CLANG_WARN_OBJC_LITERAL_CONVERSION = YES;
				CLANG_WARN_OBJC_ROOT_CLASS = YES_ERROR;
				CLANG_WARN_QUOTED_INCLUDE_IN_FRAMEWORK_HEADER = YES;
				CLANG_WARN_RANGE_LOOP_ANALYSIS = YES;
				CLANG_WARN_STRICT_PROTOTYPES = YES;
				CLANG_WARN_SUSPICIOUS_MOVE = YES;
				CLANG_WARN_UNGUARDED_AVAILABILITY = YES_AGGRESSIVE;
				CLANG_WARN_UNREACHABLE_CODE = YES;
				CLANG_WARN__DUPLICATE_METHOD_MATCH = YES;
				COPY_PHASE_STRIP = NO;
				DEBUG_INFORMATION_FORMAT = "dwarf-with-dsym";
				ENABLE_NS_ASSERTIONS = NO;
				ENABLE_STRICT_OBJC_MSGSEND = YES;
				ENABLE_USER_SCRIPT_SANDBOXING = YES;
				GCC_C_LANGUAGE_STANDARD = gnu17;
				GCC_NO_COMMON_BLOCKS = YES;
				GCC_WARN_64_TO_32_BIT_CONVERSION = YES;
				GCC_WARN_ABOUT_RETURN_TYPE = YES_ERROR;
				GCC_WARN_UNDECLARED_SELECTOR = YES;
				GCC_WARN_UNINITIALIZED_AUTOS = YES_AGGRESSIVE;
				GCC_WARN_UNUSED_FUNCTION = YES;
				GCC_WARN_UNUSED_VARIABLE = YES;
				IPHONEOS_DEPLOYMENT_TARGET = 18.0;
				LOCALIZATION_PREFERS_STRING_CATALOGS = YES;
				MTL_ENABLE_DEBUG_INFO = NO;
				MTL_FAST_MATH = YES;
				SDKROOT = iphoneos;
				SWIFT_COMPILATION_MODE = wholemodule;
				VALIDATE_PRODUCT = YES;
			};
			name = Release;
		};
/* End XCBuildConfiguration section */

/* Begin XCConfigurationList section */
		F15E8AD22CDA492000CEEF78 /* Build configuration list for PBXProject "Destination App" */ = {
			isa = XCConfigurationList;
			buildConfigurations = (
				F15E8AED2CDA492200CEEF78 /* Debug */,
				F15E8AEE2CDA492200CEEF78 /* Release */,
			);
			defaultConfigurationIsVisible = 0;
			defaultConfigurationName = Release;
		};
		F15E8AEA2CDA492200CEEF78 /* Build configuration list for PBXNativeTarget "Destination App" */ = {
			isa = XCConfigurationList;
			buildConfigurations = (
				F15E8AEB2CDA492200CEEF78 /* Debug */,
				F15E8AEC2CDA492200CEEF78 /* Release */,
			);
			defaultConfigurationIsVisible = 0;
			defaultConfigurationName = Release;
		};
/* End XCConfigurationList section */
	};
	rootObject = F15E8ACF2CDA492000CEEF78 /* Project object */;
}
